
Microsoft Visual Studio Solution File, Format Version 12.00
Project("{FAE04EC0-301F-11D3-BF4B-00C04F79EFBC}") = "BMICalculator.Console", "BMICalculator.Console\BMICalculator.Console.csproj", "{653CE7DB-778D-4446-9A13-50D171C39C45}"
EndProject
Global
	GlobalSection(SolutionConfigurationPlatforms) = preSolution
		Debug|Any CPU = Debug|Any CPU
		Release|Any CPU = Release|Any CPU
	EndGlobalSection
	GlobalSection(ProjectConfigurationPlatforms) = postSolution
		{653CE7DB-778D-4446-9A13-50D171C39C45}.Debug|Any CPU.ActiveCfg = Debug|Any CPU
		{653CE7DB-778D-4446-9A13-50D171C39C45}.Debug|Any CPU.Build.0 = Debug|Any CPU
		{653CE7DB-778D-4446-9A13-50D171C39C45}.Release|Any CPU.ActiveCfg = Release|Any CPU
		{653CE7DB-778D-4446-9A13-50D171C39C45}.Release|Any CPU.Build.0 = Release|Any CPU
	EndGlobalSection
EndGlobal
